{
  "name": "github-a-bentofreire-bracketstoix",
  "version": "4.0.0",
  "lockfileVersion": 3,
  "requires": true,
  "packages": {
    "": {
      "name": "github-a-bentofreire-bracketstoix",
      "version": "4.0.0",
      "license": "SEE LICENSE IN LICENSE.txt",
      "devDependencies": {
        "@types/jquery": "^3.3.30",
        "@types/mustache": "^0.8.32",
        "@types/node": "^9.6.50"
      },
      "engines": {
        "brackets": ">=2.0.0"
      }
    },
    "node_modules/@types/jquery": {
      "version": "3.5.30",
      "resolved": "https://registry.npmjs.org/@types/jquery/-/jquery-3.5.30.tgz",
      "integrity": "sha512-nbWKkkyb919DOUxjmRVk8vwtDb0/k8FKncmUKFi+NY+QXqWltooxTrswvz4LspQwxvLdvzBN1TImr6cw3aQx2A==",
      "dev": true,
      "dependencies": {
        "@types/sizzle": "*"
      }
    },
    "node_modules/@types/mustache": {
      "version": "0.8.32",
      "resolved": "https://registry.npmjs.org/@types/mustache/-/mustache-0.8.32.tgz",
      "integrity": "sha512-RTVWV485OOf4+nO2+feurk0chzHkSjkjALiejpHltyuMf/13fGymbbNNFrSKdSSUg1TIwzszXdWsVirxgqYiFA==",
      "dev": true
    },
    "node_modules/@types/node": {
      "version": "9.6.61",
      "resolved": "https://registry.npmjs.org/@types/node/-/node-9.6.61.tgz",
      "integrity": "sha512-/aKAdg5c8n468cYLy2eQrcR5k6chlbNwZNGUj3TboyPa2hcO2QAJcfymlqPzMiRj8B6nYKXjzQz36minFE0RwQ==",
      "dev": true
    },
    "node_modules/@types/sizzle": {
      "version": "2.3.8",
      "resolved": "https://registry.npmjs.org/@types/sizzle/-/sizzle-2.3.8.tgz",
      "integrity": "sha512-0vWLNK2D5MT9dg0iOo8GlKguPAU02QjmZitPEsXRuJXU/OGIOt9vT9Fc26wtYuavLxtO45v9PGleoL9Z0k1LHg==",
      "dev": true
    }
  }
}
